Microsoft Visual Studio Solution File, Format Version 12.00
# Visual Studio Version 17
VisualStudioVersion = 17.5.2.0
MinimumVisualStudioVersion = 10.0.40219.1
Project("{FAE04EC0-301F-11D3-BF4B-00C04F79EFBC}") = "RsaSignatureApp", "RsaSignatureApp.csproj", "{9691B210-B02C-A1B1-EEC4-D6874DAD4037}"
EndProject
Global
	GlobalSection(SolutionConfigurationPlatforms) = preSolution
		Debug|Any CPU = Debug|Any CPU
		Release|Any CPU = Release|Any CPU
	EndGlobalSection
	GlobalSection(ProjectConfigurationPlatforms) = postSolution
		{9691B210-B02C-A1B1-EEC4-D6874DAD4037}.Debug|Any CPU.ActiveCfg = Debug|Any CPU
		{9691B210-B02C-A1B1-EEC4-D6874DAD4037}.Debug|Any CPU.Build.0 = Debug|Any CPU
		{9691B210-B02C-A1B1-EEC4-D6874DAD4037}.Release|Any CPU.ActiveCfg = Release|Any CPU
		{9691B210-B02C-A1B1-EEC4-D6874DAD4037}.Release|Any CPU.Build.0 = Release|Any CPU
	EndGlobalSection
	GlobalSection(SolutionProperties) = preSolution
		HideSolutionNode = FALSE
	EndGlobalSection
	GlobalSection(ExtensibilityGlobals) = postSolution
		SolutionGuid = {910895A5-1A26-4A3D-BBA8-5F18F85A4117}
	EndGlobalSection
EndGlobal
